
Microsoft Visual Studio Solution File, Format Version 12.00
# Visual Studio Version 16
VisualStudioVersion = 16.0.30114.105
MinimumVisualStudioVersion = 10.0.40219.1
Project("{FAE04EC0-301F-11D3-BF4B-00C04F79EFBC}") = "uSync.Community.StaticSiteWithSearch", "uSync.Community.StaticSiteWithSearch\uSync.Community.StaticSiteWithSearch.csproj", "{822FCEEE-3D92-4386-B6EB-451F8A9B8C3E}"
EndProject
Project("{2150E333-8FDC-42A3-9474-1A3956D46DE8}") = "NuSpecs", "NuSpecs", "{A457CB26-EA38-465F-BDE2-15C3A2370CC8}"
	ProjectSection(SolutionItems) = preProject
		..\package\uSync.Community.StaticSiteWithSearch.Core.nuspec = ..\package\uSync.Community.StaticSiteWithSearch.Core.nuspec
		..\package\uSync.Community.StaticSiteWithSearch.nuspec = ..\package\uSync.Community.StaticSiteWithSearch.nuspec
	EndProjectSection
EndProject
Project("{FAE04EC0-301F-11D3-BF4B-00C04F79EFBC}") = "uSync.Community.StaticSiteWithSearch.Algolia", "uSync.Community.StaticSiteWithSearch.Algolia\uSync.Community.StaticSiteWithSearch.Algolia.csproj", "{4C9A0FA7-60A5-4852-80F2-DB265B9C2F89}"
EndProject
Project("{FAE04EC0-301F-11D3-BF4B-00C04F79EFBC}") = "uSync.Community.StaticSiteWithSearch.SearchGov", "uSync.Community.StaticSiteWithSearch.SearchGov\uSync.Community.StaticSiteWithSearch.SearchGov.csproj", "{0C80D5C8-B893-460B-BFCB-6C5B6ED513CD}"
EndProject
Global
	GlobalSection(SolutionConfigurationPlatforms) = preSolution
		Debug|Any CPU = Debug|Any CPU
		Release|Any CPU = Release|Any CPU
	EndGlobalSection
	GlobalSection(ProjectConfigurationPlatforms) = postSolution
		{822FCEEE-3D92-4386-B6EB-451F8A9B8C3E}.Debug|Any CPU.ActiveCfg = Debug|Any CPU
		{822FCEEE-3D92-4386-B6EB-451F8A9B8C3E}.Debug|Any CPU.Build.0 = Debug|Any CPU
		{822FCEEE-3D92-4386-B6EB-451F8A9B8C3E}.Release|Any CPU.ActiveCfg = Release|Any CPU
		{822FCEEE-3D92-4386-B6EB-451F8A9B8C3E}.Release|Any CPU.Build.0 = Release|Any CPU
		{4C9A0FA7-60A5-4852-80F2-DB265B9C2F89}.Debug|Any CPU.ActiveCfg = Debug|Any CPU
		{4C9A0FA7-60A5-4852-80F2-DB265B9C2F89}.Debug|Any CPU.Build.0 = Debug|Any CPU
		{4C9A0FA7-60A5-4852-80F2-DB265B9C2F89}.Release|Any CPU.ActiveCfg = Release|Any CPU
		{4C9A0FA7-60A5-4852-80F2-DB265B9C2F89}.Release|Any CPU.Build.0 = Release|Any CPU
		{0C80D5C8-B893-460B-BFCB-6C5B6ED513CD}.Debug|Any CPU.ActiveCfg = Debug|Any CPU
		{0C80D5C8-B893-460B-BFCB-6C5B6ED513CD}.Debug|Any CPU.Build.0 = Debug|Any CPU
		{0C80D5C8-B893-460B-BFCB-6C5B6ED513CD}.Release|Any CPU.ActiveCfg = Release|Any CPU
		{0C80D5C8-B893-460B-BFCB-6C5B6ED513CD}.Release|Any CPU.Build.0 = Release|Any CPU
	EndGlobalSection
	GlobalSection(SolutionProperties) = preSolution
		HideSolutionNode = FALSE
	EndGlobalSection
	GlobalSection(ExtensibilityGlobals) = postSolution
		SolutionGuid = {17BF98F2-12A0-4C97-8E77-1F50AD655F53}
	EndGlobalSection
EndGlobal
